
Microsoft Visual Studio Solution File, Format Version 12.00
# Visual Studio Version 17
VisualStudioVersion = 17.9.34616.47
MinimumVisualStudioVersion = 10.0.40219.1
Project("{9A19103F-16F7-4668-BE54-9A1E7A4F7556}") = "GlassStore.Server", "GlassStore.Server\GlassStore.Server.csproj", "{2B786ECE-666C-40FB-A3F5-1907AD878540}"
EndProject
Project("{54A90642-561A-4BB1-A94E-469ADEE60C69}") = "glassstore.client", "glassstore.client\glassstore.client.esproj", "{3277EA0A-C9F5-4A67-919A-92837EDB5C2C}"
EndProject
Project("{9A19103F-16F7-4668-BE54-9A1E7A4F7556}") = "GlassStore.ServerTests", "GlassStore.ServerTests\GlassStore.ServerTests.csproj", "{71E8CFB5-50DE-4A81-BDA1-A567C73DF9D0}"
EndProject
Project("{2150E333-8FDC-42A3-9474-1A3956D46DE8}") = "ArMask", "ArMask", "{2A8D6017-96DF-41B0-BA30-8841E5B257D3}"
	ProjectSection(SolutionItems) = preProject
		ArMask\2.png = ArMask\2.png
		ArMask\api_patern.py = ArMask\api_patern.py
		ArMask\api_patern_Tests.py = ArMask\api_patern_Tests.py
	EndProjectSection
EndProject
Global
	GlobalSection(SolutionConfigurationPlatforms) = preSolution
		Debug|Any CPU = Debug|Any CPU
		Release|Any CPU = Release|Any CPU
	EndGlobalSection
	GlobalSection(ProjectConfigurationPlatforms) = postSolution
		{2B786ECE-666C-40FB-A3F5-1907AD878540}.Debug|Any CPU.ActiveCfg = Debug|Any CPU
		{2B786ECE-666C-40FB-A3F5-1907AD878540}.Debug|Any CPU.Build.0 = Debug|Any CPU
		{2B786ECE-666C-40FB-A3F5-1907AD878540}.Release|Any CPU.ActiveCfg = Release|Any CPU
		{2B786ECE-666C-40FB-A3F5-1907AD878540}.Release|Any CPU.Build.0 = Release|Any CPU
		{3277EA0A-C9F5-4A67-919A-92837EDB5C2C}.Debug|Any CPU.ActiveCfg = Debug|Any CPU
		{3277EA0A-C9F5-4A67-919A-92837EDB5C2C}.Debug|Any CPU.Build.0 = Debug|Any CPU
		{3277EA0A-C9F5-4A67-919A-92837EDB5C2C}.Debug|Any CPU.Deploy.0 = Debug|Any CPU
		{3277EA0A-C9F5-4A67-919A-92837EDB5C2C}.Release|Any CPU.ActiveCfg = Release|Any CPU
		{3277EA0A-C9F5-4A67-919A-92837EDB5C2C}.Release|Any CPU.Build.0 = Release|Any CPU
		{3277EA0A-C9F5-4A67-919A-92837EDB5C2C}.Release|Any CPU.Deploy.0 = Release|Any CPU
		{71E8CFB5-50DE-4A81-BDA1-A567C73DF9D0}.Debug|Any CPU.ActiveCfg = Debug|Any CPU
		{71E8CFB5-50DE-4A81-BDA1-A567C73DF9D0}.Debug|Any CPU.Build.0 = Debug|Any CPU
		{71E8CFB5-50DE-4A81-BDA1-A567C73DF9D0}.Release|Any CPU.ActiveCfg = Release|Any CPU
		{71E8CFB5-50DE-4A81-BDA1-A567C73DF9D0}.Release|Any CPU.Build.0 = Release|Any CPU
	EndGlobalSection
	GlobalSection(SolutionProperties) = preSolution
		HideSolutionNode = FALSE
	EndGlobalSection
	GlobalSection(ExtensibilityGlobals) = postSolution
		SolutionGuid = {CEB21FE5-EEBC-45B2-8777-0A19F551B27F}
	EndGlobalSection
EndGlobal
